// !$*UTF8*$!
{
	archiveVersion = 1;
	classes = {
	};
	objectVersion = 46;
	objects = {

/* Begin PBXBuildFile section */
		8D5980B91F65084000BEDD70 /* JX_GCDTimerManager.m in Sources */ = {isa = PBXBuildFile; fileRef = 8D5980B81F65084000BEDD70 /* JX_GCDTimerManager.m */; };
		8DE607DA1B33070300BCDEE4 /* main.m in Sources */ = {isa = PBXBuildFile; fileRef = 8DE607D91B33070300BCDEE4 /* main.m */; };
		8DE607DD1B33070300BCDEE4 /* AppDelegate.m in Sources */ = {isa = PBXBuildFile; fileRef = 8DE607DC1B33070300BCDEE4 /* AppDelegate.m */; };
		8DE607E01B33070300BCDEE4 /* ViewController.m in Sources */ = {isa = PBXBuildFile; fileRef = 8DE607DF1B33070300BCDEE4 /* ViewController.m */; };
		8DE607E31B33070300BCDEE4 /* Main.storyboard in Resources */ = {isa = PBXBuildFile; fileRef = 8DE607E11B33070300BCDEE4 /* Main.storyboard */; };
		8DE607E51B33070300BCDEE4 /* Images.xcassets in Resources */ = {isa = PBXBuildFile; fileRef = 8DE607E41B33070300BCDEE4 /* Images.xcassets */; };
		8DE607E81B33070300BCDEE4 /* LaunchScreen.xib in Resources */ = {isa = PBXBuildFile; fileRef = 8DE607E61B33070300BCDEE4 /* LaunchScreen.xib */; };
/* End PBXBuildFile section */

/* Begin PBXFileReference section */
		8D5980B71F65084000BEDD70 /* JX_GCDTimerManager.h */ = {isa = PBXFileReference; fileEncoding = 4; lastKnownFileType = sourcecode.c.h; path = JX_GCDTimerManager.h; sourceTree = "<group>"; };
		8D5980B81F65084000BEDD70 /* JX_GCDTimerManager.m */ = {isa = PBXFileReference; fileEncoding = 4; lastKnownFileType = sourcecode.c.objc; path = JX_GCDTimerManager.m; sourceTree = "<group>"; };
		8DE607D41B33070300BCDEE4 /* JX_GCDTimer.app */ = {isa = PBXFileReference; explicitFileType = wrapper.application; includeInIndex = 0; path = JX_GCDTimer.app; sourceTree = BUILT_PRODUCTS_DIR; };
		8DE607D81B33070300BCDEE4 /* Info.plist */ = {isa = PBXFileReference; lastKnownFileType = text.plist.xml; path = Info.plist; sourceTree = "<group>"; };
		8DE607D91B33070300BCDEE4 /* main.m */ = {isa = PBXFileReference; lastKnownFileType = sourcecode.c.objc; path = main.m; sourceTree = "<group>"; };
		8DE607DB1B33070300BCDEE4 /* AppDelegate.h */ = {isa = PBXFileReference; lastKnownFileType = sourcecode.c.h; path = AppDelegate.h; sourceTree = "<group>"; };
		8DE607DC1B33070300BCDEE4 /* AppDelegate.m */ = {isa = PBXFileReference; lastKnownFileType = sourcecode.c.objc; path = AppDelegate.m; sourceTree = "<group>"; };
		8DE607DE1B33070300BCDEE4 /* ViewController.h */ = {isa = PBXFileReference; lastKnownFileType = sourcecode.c.h; path = ViewController.h; sourceTree = "<group>"; };
		8DE607DF1B33070300BCDEE4 /* ViewController.m */ = {isa = PBXFileReference; lastKnownFileType = sourcecode.c.objc; path = ViewController.m; sourceTree = "<group>"; };
		8DE607E21B33070300BCDEE4 /* Base */ = {isa = PBXFileReference; lastKnownFileType = file.storyboard; name = Base; path = Base.lproj/Main.storyboard; sourceTree = "<group>"; };
		8DE607E41B33070300BCDEE4 /* Images.xcassets */ = {isa = PBXFileReference; lastKnownFileType = folder.assetcatalog; path = Images.xcassets; sourceTree = "<group>"; };
		8DE607E71B33070300BCDEE4 /* Base */ = {isa = PBXFileReference; lastKnownFileType = file.xib; name = Base; path = Base.lproj/LaunchScreen.xib; sourceTree = "<group>"; };
/* End PBXFileReference section */

/* Begin PBXFrameworksBuildPhase section */
		8DE607D11B33070300BCDEE4 /* Frameworks */ = {
			isa = PBXFrameworksBuildPhase;
			buildActionMask = 2147483647;
			files = (
			);
			runOnlyForDeploymentPostprocessing = 0;
		};
/* End PBXFrameworksBuildPhase section */

/* Begin PBXGroup section */
		8D5980B61F65084000BEDD70 /* JX_GCDTimer */ = {
			isa = PBXGroup;
			children = (
				8D5980B71F65084000BEDD70 /* JX_GCDTimerManager.h */,
				8D5980B81F65084000BEDD70 /* JX_GCDTimerManager.m */,
			);
			name = JX_GCDTimer;
			path = ../../JX_GCDTimer;
			sourceTree = "<group>";
		};
		8DE607CB1B33070200BCDEE4 = {
			isa = PBXGroup;
			children = (
				8DE607D61B33070300BCDEE4 /* JX_GCDTimer */,
				8DE607D51B33070300BCDEE4 /* Products */,
			);
			sourceTree = "<group>";
		};
		8DE607D51B33070300BCDEE4 /* Products */ = {
			isa = PBXGroup;
			children = (
				8DE607D41B33070300BCDEE4 /* JX_GCDTimer.app */,
			);
			name = Products;
			sourceTree = "<group>";
		};
		8DE607D61B33070300BCDEE4 /* JX_GCDTimer */ = {
			isa = PBXGroup;
			children = (
				8D5980B61F65084000BEDD70 /* JX_GCDTimer */,
				8DE607DB1B33070300BCDEE4 /* AppDelegate.h */,
				8DE607DC1B33070300BCDEE4 /* AppDelegate.m */,
				8DE607DE1B33070300BCDEE4 /* ViewController.h */,
				8DE607DF1B33070300BCDEE4 /* ViewController.m */,
				8DE607E11B33070300BCDEE4 /* Main.storyboard */,
				8DE607E41B33070300BCDEE4 /* Images.xcassets */,
				8DE607E61B33070300BCDEE4 /* LaunchScreen.xib */,
				8DE607D71B33070300BCDEE4 /* Supporting Files */,
			);
			path = JX_GCDTimer;
			sourceTree = "<group>";
		};
		8DE607D71B33070300BCDEE4 /* Supporting Files */ = {
			isa = PBXGroup;
			children = (
				8DE607D81B33070300BCDEE4 /* Info.plist */,
				8DE607D91B33070300BCDEE4 /* main.m */,
			);
			name = "Supporting Files";
			sourceTree = "<group>";
		};
/* End PBXGroup section */

/* Begin PBXNativeTarget section */
		8DE607D31B33070300BCDEE4 /* JX_GCDTimer */ = {
			isa = PBXNativeTarget;
			buildConfigurationList = 8DE607F71B33070300BCDEE4 /* Build configuration list for PBXNativeTarget "JX_GCDTimer" */;
			buildPhases = (
				8DE607D01B33070300BCDEE4 /* Sources */,
				8DE607D11B33070300BCDEE4 /* Frameworks */,
				8DE607D21B33070300BCDEE4 /* Resources */,
			);
			buildRules = (
			);
			dependencies = (
			);
			name = JX_GCDTimer;
			productName = JX_GCDTimer;
			productReference = 8DE607D41B33070300BCDEE4 /* JX_GCDTimer.app */;
			productType = "com.apple.product-type.application";
		};
/* End PBXNativeTarget section */

/* Begin PBXProject section */
		8DE607CC1B33070200BCDEE4 /* Project object */ = {
			isa = PBXProject;
			attributes = {
				LastUpgradeCheck = 0630;
				ORGANIZATIONNAME = com.joeyxu;
				TargetAttributes = {
					8DE607D31B33070300BCDEE4 = {
						CreatedOnToolsVersion = 6.3.1;
					};
				};
			};
			buildConfigurationList = 8DE607CF1B33070200BCDEE4 /* Build configuration list for PBXProject "JX_GCDTimer" */;
			compatibilityVersion = "Xcode 3.2";
			developmentRegion = English;
			hasScannedForEncodings = 0;
			knownRegions = (
				en,
				Base,
			);
			mainGroup = 8DE607CB1B33070200BCDEE4;
			productRefGroup = 8DE607D51B33070300BCDEE4 /* Products */;
			projectDirPath = "";
			projectRoot = "";
			targets = (
				8DE607D31B33070300BCDEE4 /* JX_GCDTimer */,
			);
		};
/* End PBXProject section */

/* Begin PBXResourcesBuildPhase section */
		8DE607D21B33070300BCDEE4 /* Resources */ = {
			isa = PBXResourcesBuildPhase;
			buildActionMask = 2147483647;
			files = (
				8DE607E31B33070300BCDEE4 /* Main.storyboard in Resources */,
				8DE607E81B33070300BCDEE4 /* LaunchScreen.xib in Resources */,
				8DE607E51B33070300BCDEE4 /* Images.xcassets in Resources */,
			);
			runOnlyForDeploymentPostprocessing = 0;
		};
/* End PBXResourcesBuildPhase section */

/* Begin PBXSourcesBuildPhase section */
		8DE607D01B33070300BCDEE4 /* Sources */ = {
			isa = PBXSourcesBuildPhase;
			buildActionMask = 2147483647;
			files = (
				8DE607E01B33070300BCDEE4 /* ViewController.m in Sources */,
				8DE607DD1B33070300BCDEE4 /* AppDelegate.m in Sources */,
				8D5980B91F65084000BEDD70 /* JX_GCDTimerManager.m in Sources */,
				8DE607DA1B33070300BCDEE4 /* main.m in Sources */,
			);
			runOnlyForDeploymentPostprocessing = 0;
		};
/* End PBXSourcesBuildPhase section */

/* Begin PBXVariantGroup section */
		8DE607E11B33070300BCDEE4 /* Main.storyboard */ = {
			isa = PBXVariantGroup;
			children = (
				8DE607E21B33070300BCDEE4 /* Base */,
			);
			name = Main.storyboard;
			sourceTree = "<group>";
		};
		8DE607E61B33070300BCDEE4 /* LaunchScreen.xib */ = {
			isa = PBXVariantGroup;
			children = (
				8DE607E71B33070300BCDEE4 /* Base */,
			);
			name = LaunchScreen.xib;
			sourceTree = "<group>";
		};
/* End PBXVariantGroup section */

/* Begin XCBuildConfiguration section */
		8DE607F51B33070300BCDEE4 /* Debug */ = {
			isa = XCBuildConfiguration;
			buildSettings = {
				ALWAYS_SEARCH_USER_PATHS = NO;
				CLANG_CXX_LANGUAGE_STANDARD = "gnu++0x";
				CLANG_CXX_LIBRARY = "libc++";
				CLANG_ENABLE_MODULES = YES;
				CLANG_ENABLE_OBJC_ARC = YES;
				CLANG_WARN_BOOL_CONVERSION = YES;
				CLANG_WARN_CONSTANT_CONVERSION = YES;
				CLANG_WARN_DIRECT_OBJC_ISA_USAGE = YES_ERROR;
				CLANG_WARN_EMPTY_BODY = YES;
				CLANG_WARN_ENUM_CONVERSION = YES;
				CLANG_WARN_INT_CONVERSION = YES;
				CLANG_WARN_OBJC_ROOT_CLASS = YES_ERROR;
				CLANG_WARN_UNREACHABLE_CODE = YES;
				CLANG_WARN__DUPLICATE_METHOD_MATCH = YES;
				"CODE_SIGN_IDENTITY[sdk=iphoneos*]" = "iPhone Developer";
				COPY_PHASE_STRIP = NO;
				DEBUG_INFORMATION_FORMAT = "dwarf-with-dsym";
				ENABLE_STRICT_OBJC_MSGSEND = YES;
				GCC_C_LANGUAGE_STANDARD = gnu99;
				GCC_DYNAMIC_NO_PIC = NO;
				GCC_NO_COMMON_BLOCKS = YES;
				GCC_OPTIMIZATION_LEVEL = 0;
				GCC_PREPROCESSOR_DEFINITIONS = (
					"DEBUG=1",
					"$(inherited)",
				);
				GCC_SYMBOLS_PRIVATE_EXTERN = NO;
				GCC_WARN_64_TO_32_BIT_CONVERSION = YES;
				GCC_WARN_ABOUT_RETURN_TYPE = YES_ERROR;
				GCC_WARN_UNDECLARED_SELECTOR = YES;
				GCC_WARN_UNINITIALIZED_AUTOS = YES_AGGRESSIVE;
				GCC_WARN_UNUSED_FUNCTION = YES;
				GCC_WARN_UNUSED_VARIABLE = YES;
				IPHONEOS_DEPLOYMENT_TARGET = 8.3;
				MTL_ENABLE_DEBUG_INFO = YES;
				ONLY_ACTIVE_ARCH = YES;
				SDKROOT = iphoneos;
			};
			name = Debug;
		};
		8DE607F61B33070300BCDEE4 /* Release */ = {
			isa = XCBuildConfiguration;
			buildSettings = {
				ALWAYS_SEARCH_USER_PATHS = NO;
				CLANG_CXX_LANGUAGE_STANDARD = "gnu++0x";
				CLANG_CXX_LIBRARY = "libc++";
				CLANG_ENABLE_MODULES = YES;
				CLANG_ENABLE_OBJC_ARC = YES;
				CLANG_WARN_BOOL_CONVERSION = YES;
				CLANG_WARN_CONSTANT_CONVERSION = YES;
				CLANG_WARN_DIRECT_OBJC_ISA_USAGE = YES_ERROR;
				CLANG_WARN_EMPTY_BODY = YES;
				CLANG_WARN_ENUM_CONVERSION = YES;
				CLANG_WARN_INT_CONVERSION = YES;
				CLANG_WARN_OBJC_ROOT_CLASS = YES_ERROR;
				CLANG_WARN_UNREACHABLE_CODE = YES;
				CLANG_WARN__DUPLICATE_METHOD_MATCH = YES;
				"CODE_SIGN_IDENTITY[sdk=iphoneos*]" = "iPhone Developer";
				COPY_PHASE_STRIP = NO;
				DEBUG_INFORMATION_FORMAT = "dwarf-with-dsym";
				ENABLE_NS_ASSERTIONS = NO;
				ENABLE_STRICT_OBJC_MSGSEND = YES;
				GCC_C_LANGUAGE_STANDARD = gnu99;
				GCC_NO_COMMON_BLOCKS = YES;
				GCC_WARN_64_TO_32_BIT_CONVERSION = YES;
				GCC_WARN_ABOUT_RETURN_TYPE = YES_ERROR;
				GCC_WARN_UNDECLARED_SELECTOR = YES;
				GCC_WARN_UNINITIALIZED_AUTOS = YES_AGGRESSIVE;
				GCC_WARN_UNUSED_FUNCTION = YES;
				GCC_WARN_UNUSED_VARIABLE = YES;
				IPHONEOS_DEPLOYMENT_TARGET = 8.3;
				MTL_ENABLE_DEBUG_INFO = NO;
				SDKROOT = iphoneos;
				VALIDATE_PRODUCT = YES;
			};
			name = Release;
		};
		8DE607F81B33070300BCDEE4 /* Debug */ = {
			isa = XCBuildConfiguration;
			buildSettings = {
				ASSETCATALOG_COMPILER_APPICON_NAME = AppIcon;
				INFOPLIST_FILE = JX_GCDTimer/Info.plist;
				LD_RUNPATH_SEARCH_PATHS = "$(inherited) @executable_path/Frameworks";
				PRODUCT_NAME = "$(TARGET_NAME)";
			};
			name = Debug;
		};
		8DE607F91B33070300BCDEE4 /* Release */ = {
			isa = XCBuildConfiguration;
			buildSettings = {
				ASSETCATALOG_COMPILER_APPICON_NAME = AppIcon;
				INFOPLIST_FILE = JX_GCDTimer/Info.plist;
				LD_RUNPATH_SEARCH_PATHS = "$(inherited) @executable_path/Frameworks";
				PRODUCT_NAME = "$(TARGET_NAME)";
			};
			name = Release;
		};
/* End XCBuildConfiguration section */

/* Begin XCConfigurationList section */
		8DE607CF1B33070200BCDEE4 /* Build configuration list for PBXProject "JX_GCDTimer" */ = {
			isa = XCConfigurationList;
			buildConfigurations = (
				8DE607F51B33070300BCDEE4 /* Debug */,
				8DE607F61B33070300BCDEE4 /* Release */,
			);
			defaultConfigurationIsVisible = 0;
			defaultConfigurationName = Release;
		};
		8DE607F71B33070300BCDEE4 /* Build configuration list for PBXNativeTarget "JX_GCDTimer" */ = {
			isa = XCConfigurationList;
			buildConfigurations = (
				8DE607F81B33070300BCDEE4 /* Debug */,
				8DE607F91B33070300BCDEE4 /* Release */,
			);
			defaultConfigurationIsVisible = 0;
			defaultConfigurationName = Release;
		};
/* End XCConfigurationList section */
	};
	rootObject = 8DE607CC1B33070200BCDEE4 /* Project object */;
}
